
Microsoft Visual Studio Solution File, Format Version 12.00
# Visual Studio Version 17
VisualStudioVersion = 17.0.32014.148
MinimumVisualStudioVersion = 10.0.40219.1
Project("{FAE04EC0-301F-11D3-BF4B-00C04F79EFBC}") = "Movie Database", "Movie Database\Movie Database.csproj", "{1497C696-C487-4727-A1B6-2D9175443A2C}"
EndProject
Global
	GlobalSection(SolutionConfigurationPlatforms) = preSolution
		Debug|Any CPU = Debug|Any CPU
		Release|Any CPU = Release|Any CPU
	EndGlobalSection
	GlobalSection(ProjectConfigurationPlatforms) = postSolution
		{1497C696-C487-4727-A1B6-2D9175443A2C}.Debug|Any CPU.ActiveCfg = Debug|Any CPU
		{1497C696-C487-4727-A1B6-2D9175443A2C}.Debug|Any CPU.Build.0 = Debug|Any CPU
		{1497C696-C487-4727-A1B6-2D9175443A2C}.Release|Any CPU.ActiveCfg = Release|Any CPU
		{1497C696-C487-4727-A1B6-2D9175443A2C}.Release|Any CPU.Build.0 = Release|Any CPU
	EndGlobalSection
	GlobalSection(SolutionProperties) = preSolution
		HideSolutionNode = FALSE
	EndGlobalSection
	GlobalSection(ExtensibilityGlobals) = postSolution
		SolutionGuid = {BBA27153-F367-4025-894B-01C0776A7C24}
	EndGlobalSection
EndGlobal
