
Microsoft Visual Studio Solution File, Format Version 12.00
# Visual Studio Version 17
VisualStudioVersion = 17.0.32014.148
MinimumVisualStudioVersion = 10.0.40219.1
Project("{FAE04EC0-301F-11D3-BF4B-00C04F79EFBC}") = "MovieDatabaseEF", "MovieDatabaseEF\MovieDatabaseEF.csproj", "{EA5D005D-F21C-4A72-BB8C-18483877D32A}"
EndProject
Global
	GlobalSection(SolutionConfigurationPlatforms) = preSolution
		Debug|Any CPU = Debug|Any CPU
		Release|Any CPU = Release|Any CPU
	EndGlobalSection
	GlobalSection(ProjectConfigurationPlatforms) = postSolution
		{EA5D005D-F21C-4A72-BB8C-18483877D32A}.Debug|Any CPU.ActiveCfg = Debug|Any CPU
		{EA5D005D-F21C-4A72-BB8C-18483877D32A}.Debug|Any CPU.Build.0 = Debug|Any CPU
		{EA5D005D-F21C-4A72-BB8C-18483877D32A}.Release|Any CPU.ActiveCfg = Release|Any CPU
		{EA5D005D-F21C-4A72-BB8C-18483877D32A}.Release|Any CPU.Build.0 = Release|Any CPU
	EndGlobalSection
	GlobalSection(SolutionProperties) = preSolution
		HideSolutionNode = FALSE
	EndGlobalSection
	GlobalSection(ExtensibilityGlobals) = postSolution
		SolutionGuid = {76ABC7D2-33DD-405E-B152-EFCF2C0700BB}
	EndGlobalSection
EndGlobal
