
Microsoft Visual Studio Solution File, Format Version 12.00
# Visual Studio Version 17
VisualStudioVersion = 17.0.32014.148
MinimumVisualStudioVersion = 10.0.40219.1
Project("{FAE04EC0-301F-11D3-BF4B-00C04F79EFBC}") = "ShoppingList", "ShoppingList\ShoppingList.csproj", "{DAEF568D-5154-4D67-9CD2-34A9313F4C44}"
EndProject
Global
	GlobalSection(SolutionConfigurationPlatforms) = preSolution
		Debug|Any CPU = Debug|Any CPU
		Release|Any CPU = Release|Any CPU
	EndGlobalSection
	GlobalSection(ProjectConfigurationPlatforms) = postSolution
		{DAEF568D-5154-4D67-9CD2-34A9313F4C44}.Debug|Any CPU.ActiveCfg = Debug|Any CPU
		{DAEF568D-5154-4D67-9CD2-34A9313F4C44}.Debug|Any CPU.Build.0 = Debug|Any CPU
		{DAEF568D-5154-4D67-9CD2-34A9313F4C44}.Release|Any CPU.ActiveCfg = Release|Any CPU
		{DAEF568D-5154-4D67-9CD2-34A9313F4C44}.Release|Any CPU.Build.0 = Release|Any CPU
	EndGlobalSection
	GlobalSection(SolutionProperties) = preSolution
		HideSolutionNode = FALSE
	EndGlobalSection
	GlobalSection(ExtensibilityGlobals) = postSolution
		SolutionGuid = {962E79FA-5A88-487F-95F4-2FF4BEC6FFA4}
	EndGlobalSection
EndGlobal
