
Microsoft Visual Studio Solution File, Format Version 12.00
# Visual Studio Version 17
VisualStudioVersion = 17.0.32014.148
MinimumVisualStudioVersion = 10.0.40219.1
Project("{FAE04EC0-301F-11D3-BF4B-00C04F79EFBC}") = "StringLecture", "StringLecture\StringLecture.csproj", "{D8DFEE2B-F9CD-43AB-BCAD-D16E82CA63A6}"
EndProject
Global
	GlobalSection(SolutionConfigurationPlatforms) = preSolution
		Debug|Any CPU = Debug|Any CPU
		Release|Any CPU = Release|Any CPU
	EndGlobalSection
	GlobalSection(ProjectConfigurationPlatforms) = postSolution
		{D8DFEE2B-F9CD-43AB-BCAD-D16E82CA63A6}.Debug|Any CPU.ActiveCfg = Debug|Any CPU
		{D8DFEE2B-F9CD-43AB-BCAD-D16E82CA63A6}.Debug|Any CPU.Build.0 = Debug|Any CPU
		{D8DFEE2B-F9CD-43AB-BCAD-D16E82CA63A6}.Release|Any CPU.ActiveCfg = Release|Any CPU
		{D8DFEE2B-F9CD-43AB-BCAD-D16E82CA63A6}.Release|Any CPU.Build.0 = Release|Any CPU
	EndGlobalSection
	GlobalSection(SolutionProperties) = preSolution
		HideSolutionNode = FALSE
	EndGlobalSection
	GlobalSection(ExtensibilityGlobals) = postSolution
		SolutionGuid = {3651239F-AE39-41C1-9CF6-0382EF434A45}
	EndGlobalSection
EndGlobal
