
Microsoft Visual Studio Solution File, Format Version 12.00
# Visual Studio Version 17
VisualStudioVersion = 17.0.32014.148
MinimumVisualStudioVersion = 10.0.40219.1
Project("{FAE04EC0-301F-11D3-BF4B-00C04F79EFBC}") = "InterfaceLecture", "InterfaceLecture\InterfaceLecture.csproj", "{A21E4BC6-E229-418F-80D3-84BA57F39DA7}"
EndProject
Global
	GlobalSection(SolutionConfigurationPlatforms) = preSolution
		Debug|Any CPU = Debug|Any CPU
		Release|Any CPU = Release|Any CPU
	EndGlobalSection
	GlobalSection(ProjectConfigurationPlatforms) = postSolution
		{A21E4BC6-E229-418F-80D3-84BA57F39DA7}.Debug|Any CPU.ActiveCfg = Debug|Any CPU
		{A21E4BC6-E229-418F-80D3-84BA57F39DA7}.Debug|Any CPU.Build.0 = Debug|Any CPU
		{A21E4BC6-E229-418F-80D3-84BA57F39DA7}.Release|Any CPU.ActiveCfg = Release|Any CPU
		{A21E4BC6-E229-418F-80D3-84BA57F39DA7}.Release|Any CPU.Build.0 = Release|Any CPU
	EndGlobalSection
	GlobalSection(SolutionProperties) = preSolution
		HideSolutionNode = FALSE
	EndGlobalSection
	GlobalSection(ExtensibilityGlobals) = postSolution
		SolutionGuid = {397CCE66-C4A3-4E3D-9F8F-040B231663FC}
	EndGlobalSection
EndGlobal
