
Microsoft Visual Studio Solution File, Format Version 12.00
# Visual Studio Version 17
VisualStudioVersion = 17.0.32014.148
MinimumVisualStudioVersion = 10.0.40219.1
Project("{FAE04EC0-301F-11D3-BF4B-00C04F79EFBC}") = "AnimalInheritence", "AnimalInheritence\AnimalInheritence.csproj", "{C2D60E1C-28B8-484A-8496-24AA775E390F}"
EndProject
Global
	GlobalSection(SolutionConfigurationPlatforms) = preSolution
		Debug|Any CPU = Debug|Any CPU
		Release|Any CPU = Release|Any CPU
	EndGlobalSection
	GlobalSection(ProjectConfigurationPlatforms) = postSolution
		{C2D60E1C-28B8-484A-8496-24AA775E390F}.Debug|Any CPU.ActiveCfg = Debug|Any CPU
		{C2D60E1C-28B8-484A-8496-24AA775E390F}.Debug|Any CPU.Build.0 = Debug|Any CPU
		{C2D60E1C-28B8-484A-8496-24AA775E390F}.Release|Any CPU.ActiveCfg = Release|Any CPU
		{C2D60E1C-28B8-484A-8496-24AA775E390F}.Release|Any CPU.Build.0 = Release|Any CPU
	EndGlobalSection
	GlobalSection(SolutionProperties) = preSolution
		HideSolutionNode = FALSE
	EndGlobalSection
	GlobalSection(ExtensibilityGlobals) = postSolution
		SolutionGuid = {6209513D-0609-4EC2-98A2-1A1A8EE484C7}
	EndGlobalSection
EndGlobal
